
Microsoft Visual Studio Solution File, Format Version 12.00
# Visual Studio Version 17
VisualStudioVersion = 17.10.35122.118
MinimumVisualStudioVersion = 10.0.40219.1
Project("{FAE04EC0-301F-11D3-BF4B-00C04F79EFBC}") = "InClass20241121-IS3050-001", "InClass20241121-IS3050-001\InClass20241121-IS3050-001.csproj", "{8E1FA47F-69E7-4EDF-A939-0F8C5DF6055C}"
EndProject
Global
	GlobalSection(SolutionConfigurationPlatforms) = preSolution
		Debug|Any CPU = Debug|Any CPU
		Release|Any CPU = Release|Any CPU
	EndGlobalSection
	GlobalSection(ProjectConfigurationPlatforms) = postSolution
		{8E1FA47F-69E7-4EDF-A939-0F8C5DF6055C}.Debug|Any CPU.ActiveCfg = Debug|Any CPU
		{8E1FA47F-69E7-4EDF-A939-0F8C5DF6055C}.Debug|Any CPU.Build.0 = Debug|Any CPU
		{8E1FA47F-69E7-4EDF-A939-0F8C5DF6055C}.Release|Any CPU.ActiveCfg = Release|Any CPU
		{8E1FA47F-69E7-4EDF-A939-0F8C5DF6055C}.Release|Any CPU.Build.0 = Release|Any CPU
	EndGlobalSection
	GlobalSection(SolutionProperties) = preSolution
		HideSolutionNode = FALSE
	EndGlobalSection
	GlobalSection(ExtensibilityGlobals) = postSolution
		SolutionGuid = {2681760A-816F-43F7-B138-0EC3142CD82D}
	EndGlobalSection
EndGlobal
